
Microsoft Visual Studio Solution File, Format Version 12.00
# Visual Studio Version 17
VisualStudioVersion = 17.8.34330.188
MinimumVisualStudioVersion = 10.0.40219.1
Project("{FAE04EC0-301F-11D3-BF4B-00C04F79EFBC}") = "CreateInstance", "CreateInstance\CreateInstance.csproj", "{996F7F3C-06BB-432C-84BF-CB8C49A56CB6}"
EndProject
Project("{FAE04EC0-301F-11D3-BF4B-00C04F79EFBC}") = "RefReturn", "RefReturnRefLocal\RefReturn.csproj", "{3233F7A2-0DD7-4955-8054-B7D617560CB4}"
EndProject
Project("{FAE04EC0-301F-11D3-BF4B-00C04F79EFBC}") = "OperatorOverloading", "OperatorOverloading\OperatorOverloading.csproj", "{8E495FF8-919C-4650-BD29-1DF6951CE553}"
EndProject
Global
	GlobalSection(SolutionConfigurationPlatforms) = preSolution
		Debug|Any CPU = Debug|Any CPU
		Release|Any CPU = Release|Any CPU
	EndGlobalSection
	GlobalSection(ProjectConfigurationPlatforms) = postSolution
		{996F7F3C-06BB-432C-84BF-CB8C49A56CB6}.Debug|Any CPU.ActiveCfg = Debug|Any CPU
		{996F7F3C-06BB-432C-84BF-CB8C49A56CB6}.Debug|Any CPU.Build.0 = Debug|Any CPU
		{996F7F3C-06BB-432C-84BF-CB8C49A56CB6}.Release|Any CPU.ActiveCfg = Release|Any CPU
		{996F7F3C-06BB-432C-84BF-CB8C49A56CB6}.Release|Any CPU.Build.0 = Release|Any CPU
		{3233F7A2-0DD7-4955-8054-B7D617560CB4}.Debug|Any CPU.ActiveCfg = Debug|Any CPU
		{3233F7A2-0DD7-4955-8054-B7D617560CB4}.Debug|Any CPU.Build.0 = Debug|Any CPU
		{3233F7A2-0DD7-4955-8054-B7D617560CB4}.Release|Any CPU.ActiveCfg = Release|Any CPU
		{3233F7A2-0DD7-4955-8054-B7D617560CB4}.Release|Any CPU.Build.0 = Release|Any CPU
		{8E495FF8-919C-4650-BD29-1DF6951CE553}.Debug|Any CPU.ActiveCfg = Debug|Any CPU
		{8E495FF8-919C-4650-BD29-1DF6951CE553}.Debug|Any CPU.Build.0 = Debug|Any CPU
		{8E495FF8-919C-4650-BD29-1DF6951CE553}.Release|Any CPU.ActiveCfg = Release|Any CPU
		{8E495FF8-919C-4650-BD29-1DF6951CE553}.Release|Any CPU.Build.0 = Release|Any CPU
	EndGlobalSection
	GlobalSection(SolutionProperties) = preSolution
		HideSolutionNode = FALSE
	EndGlobalSection
	GlobalSection(ExtensibilityGlobals) = postSolution
		SolutionGuid = {979C3AC2-EFAB-4A6C-B717-7D555C9AD3CC}
	EndGlobalSection
EndGlobal
